
Microsoft Visual Studio Solution File, Format Version 12.00
# Visual Studio Version 16
VisualStudioVersion = 16.0.31702.278
MinimumVisualStudioVersion = 10.0.40219.1
Project("{FAE04EC0-301F-11D3-BF4B-00C04F79EFBC}") = "Calculadora_Original", "Calculadora_Original\Calculadora_Original.csproj", "{2EA0BC6F-9FE2-403B-9193-DF28826BC089}"
EndProject
Global
	GlobalSection(SolutionConfigurationPlatforms) = preSolution
		Debug|Any CPU = Debug|Any CPU
		Release|Any CPU = Release|Any CPU
	EndGlobalSection
	GlobalSection(ProjectConfigurationPlatforms) = postSolution
		{2EA0BC6F-9FE2-403B-9193-DF28826BC089}.Debug|Any CPU.ActiveCfg = Debug|Any CPU
		{2EA0BC6F-9FE2-403B-9193-DF28826BC089}.Debug|Any CPU.Build.0 = Debug|Any CPU
		{2EA0BC6F-9FE2-403B-9193-DF28826BC089}.Release|Any CPU.ActiveCfg = Release|Any CPU
		{2EA0BC6F-9FE2-403B-9193-DF28826BC089}.Release|Any CPU.Build.0 = Release|Any CPU
	EndGlobalSection
	GlobalSection(SolutionProperties) = preSolution
		HideSolutionNode = FALSE
	EndGlobalSection
	GlobalSection(ExtensibilityGlobals) = postSolution
		SolutionGuid = {52872E03-98C0-4E4E-9FAA-1A83CD23DB24}
	EndGlobalSection
EndGlobal
